// !$*UTF8*$!
{
	archiveVersion = 1;
	classes = {
	};
	objectVersion = 46;
	objects = {

/* Begin PBXBuildFile section */
		2C2702F31AE8206D006457D1 /* AppDelegate.swift in Sources */ = {isa = PBXBuildFile; fileRef = 2C2702F21AE8206D006457D1 /* AppDelegate.swift */; };
		2C2702F51AE8206D006457D1 /* ViewController.swift in Sources */ = {isa = PBXBuildFile; fileRef = 2C2702F41AE8206D006457D1 /* ViewController.swift */; };
		2C2702F81AE8206D006457D1 /* Main.storyboard in Resources */ = {isa = PBXBuildFile; fileRef = 2C2702F61AE8206D006457D1 /* Main.storyboard */; };
		2C2702FA1AE8206D006457D1 /* Images.xcassets in Resources */ = {isa = PBXBuildFile; fileRef = 2C2702F91AE8206D006457D1 /* Images.xcassets */; };
		2C2702FD1AE8206D006457D1 /* LaunchScreen.xib in Resources */ = {isa = PBXBuildFile; fileRef = 2C2702FB1AE8206D006457D1 /* LaunchScreen.xib */; };
		2C2703091AE8206D006457D1 /* FreeHandDrawingTests.swift in Sources */ = {isa = PBXBuildFile; fileRef = 2C2703081AE8206D006457D1 /* FreeHandDrawingTests.swift */; };
		2C2703131AE82122006457D1 /* LinearInterpView.swift in Sources */ = {isa = PBXBuildFile; fileRef = 2C2703121AE82122006457D1 /* LinearInterpView.swift */; };
		2C2F23F21AEAA746009C8AFB /* CachedLIView.swift in Sources */ = {isa = PBXBuildFile; fileRef = 2C2F23F11AEAA746009C8AFB /* CachedLIView.swift */; };
		2C2F23F41AEAABA6009C8AFB /* BezierInterpView.swift in Sources */ = {isa = PBXBuildFile; fileRef = 2C2F23F31AEAABA6009C8AFB /* BezierInterpView.swift */; };
		2C2F23F61AEAC43F009C8AFB /* SmoothedBIView.swift in Sources */ = {isa = PBXBuildFile; fileRef = 2C2F23F51AEAC43F009C8AFB /* SmoothedBIView.swift */; };
		2C2F23FC1AEC8777009C8AFB /* PopOverTableVC.swift in Sources */ = {isa = PBXBuildFile; fileRef = 2C2F23FB1AEC8777009C8AFB /* PopOverTableVC.swift */; };
/* End PBXBuildFile section */

/* Begin PBXContainerItemProxy section */
		2C2703031AE8206D006457D1 /* PBXContainerItemProxy */ = {
			isa = PBXContainerItemProxy;
			containerPortal = 2C2702E51AE8206D006457D1 /* Project object */;
			proxyType = 1;
			remoteGlobalIDString = 2C2702EC1AE8206D006457D1;
			remoteInfo = FreeHandDrawing;
		};
/* End PBXContainerItemProxy section */

/* Begin PBXFileReference section */
		2C2702ED1AE8206D006457D1 /* FreeHandDrawing.app */ = {isa = PBXFileReference; explicitFileType = wrapper.application; includeInIndex = 0; path = FreeHandDrawing.app; sourceTree = BUILT_PRODUCTS_DIR; };
		2C2702F11AE8206D006457D1 /* Info.plist */ = {isa = PBXFileReference; lastKnownFileType = text.plist.xml; path = Info.plist; sourceTree = "<group>"; };
		2C2702F21AE8206D006457D1 /* AppDelegate.swift */ = {isa = PBXFileReference; lastKnownFileType = sourcecode.swift; path = AppDelegate.swift; sourceTree = "<group>"; };
		2C2702F41AE8206D006457D1 /* ViewController.swift */ = {isa = PBXFileReference; lastKnownFileType = sourcecode.swift; path = ViewController.swift; sourceTree = "<group>"; };
		2C2702F71AE8206D006457D1 /* Base */ = {isa = PBXFileReference; lastKnownFileType = file.storyboard; name = Base; path = Base.lproj/Main.storyboard; sourceTree = "<group>"; };
		2C2702F91AE8206D006457D1 /* Images.xcassets */ = {isa = PBXFileReference; lastKnownFileType = folder.assetcatalog; path = Images.xcassets; sourceTree = "<group>"; };
		2C2702FC1AE8206D006457D1 /* Base */ = {isa = PBXFileReference; lastKnownFileType = file.xib; name = Base; path = Base.lproj/LaunchScreen.xib; sourceTree = "<group>"; };
		2C2703021AE8206D006457D1 /* FreeHandDrawingTests.xctest */ = {isa = PBXFileReference; explicitFileType = wrapper.cfbundle; includeInIndex = 0; path = FreeHandDrawingTests.xctest; sourceTree = BUILT_PRODUCTS_DIR; };
		2C2703071AE8206D006457D1 /* Info.plist */ = {isa = PBXFileReference; lastKnownFileType = text.plist.xml; path = Info.plist; sourceTree = "<group>"; };
		2C2703081AE8206D006457D1 /* FreeHandDrawingTests.swift */ = {isa = PBXFileReference; lastKnownFileType = sourcecode.swift; path = FreeHandDrawingTests.swift; sourceTree = "<group>"; };
		2C2703121AE82122006457D1 /* LinearInterpView.swift */ = {isa = PBXFileReference; fileEncoding = 4; lastKnownFileType = sourcecode.swift; path = LinearInterpView.swift; sourceTree = "<group>"; };
		2C2F23F11AEAA746009C8AFB /* CachedLIView.swift */ = {isa = PBXFileReference; fileEncoding = 4; lastKnownFileType = sourcecode.swift; path = CachedLIView.swift; sourceTree = "<group>"; };
		2C2F23F31AEAABA6009C8AFB /* BezierInterpView.swift */ = {isa = PBXFileReference; fileEncoding = 4; lastKnownFileType = sourcecode.swift; path = BezierInterpView.swift; sourceTree = "<group>"; };
		2C2F23F51AEAC43F009C8AFB /* SmoothedBIView.swift */ = {isa = PBXFileReference; fileEncoding = 4; lastKnownFileType = sourcecode.swift; path = SmoothedBIView.swift; sourceTree = "<group>"; };
		2C2F23FB1AEC8777009C8AFB /* PopOverTableVC.swift */ = {isa = PBXFileReference; fileEncoding = 4; lastKnownFileType = sourcecode.swift; path = PopOverTableVC.swift; sourceTree = "<group>"; };
/* End PBXFileReference section */

/* Begin PBXFrameworksBuildPhase section */
		2C2702EA1AE8206D006457D1 /* Frameworks */ = {
			isa = PBXFrameworksBuildPhase;
			buildActionMask = 2147483647;
			files = (
			);
			runOnlyForDeploymentPostprocessing = 0;
		};
		2C2702FF1AE8206D006457D1 /* Frameworks */ = {
			isa = PBXFrameworksBuildPhase;
			buildActionMask = 2147483647;
			files = (
			);
			runOnlyForDeploymentPostprocessing = 0;
		};
/* End PBXFrameworksBuildPhase section */

/* Begin PBXGroup section */
		2C2702E41AE8206D006457D1 = {
			isa = PBXGroup;
			children = (
				2C2702EF1AE8206D006457D1 /* FreeHandDrawing */,
				2C2703051AE8206D006457D1 /* FreeHandDrawingTests */,
				2C2702EE1AE8206D006457D1 /* Products */,
			);
			sourceTree = "<group>";
		};
		2C2702EE1AE8206D006457D1 /* Products */ = {
			isa = PBXGroup;
			children = (
				2C2702ED1AE8206D006457D1 /* FreeHandDrawing.app */,
				2C2703021AE8206D006457D1 /* FreeHandDrawingTests.xctest */,
			);
			name = Products;
			sourceTree = "<group>";
		};
		2C2702EF1AE8206D006457D1 /* FreeHandDrawing */ = {
			isa = PBXGroup;
			children = (
				2C2703121AE82122006457D1 /* LinearInterpView.swift */,
				2C2F23F11AEAA746009C8AFB /* CachedLIView.swift */,
				2C2F23F31AEAABA6009C8AFB /* BezierInterpView.swift */,
				2C2F23F51AEAC43F009C8AFB /* SmoothedBIView.swift */,
				2C2702F21AE8206D006457D1 /* AppDelegate.swift */,
				2C2702F41AE8206D006457D1 /* ViewController.swift */,
				2C2F23FB1AEC8777009C8AFB /* PopOverTableVC.swift */,
				2C2702F61AE8206D006457D1 /* Main.storyboard */,
				2C2702F91AE8206D006457D1 /* Images.xcassets */,
				2C2702FB1AE8206D006457D1 /* LaunchScreen.xib */,
				2C2702F01AE8206D006457D1 /* Supporting Files */,
			);
			path = FreeHandDrawing;
			sourceTree = "<group>";
		};
		2C2702F01AE8206D006457D1 /* Supporting Files */ = {
			isa = PBXGroup;
			children = (
				2C2702F11AE8206D006457D1 /* Info.plist */,
			);
			name = "Supporting Files";
			sourceTree = "<group>";
		};
		2C2703051AE8206D006457D1 /* FreeHandDrawingTests */ = {
			isa = PBXGroup;
			children = (
				2C2703081AE8206D006457D1 /* FreeHandDrawingTests.swift */,
				2C2703061AE8206D006457D1 /* Supporting Files */,
			);
			path = FreeHandDrawingTests;
			sourceTree = "<group>";
		};
		2C2703061AE8206D006457D1 /* Supporting Files */ = {
			isa = PBXGroup;
			children = (
				2C2703071AE8206D006457D1 /* Info.plist */,
			);
			name = "Supporting Files";
			sourceTree = "<group>";
		};
/* End PBXGroup section */

/* Begin PBXNativeTarget section */
		2C2702EC1AE8206D006457D1 /* FreeHandDrawing */ = {
			isa = PBXNativeTarget;
			buildConfigurationList = 2C27030C1AE8206D006457D1 /* Build configuration list for PBXNativeTarget "FreeHandDrawing" */;
			buildPhases = (
				2C2702E91AE8206D006457D1 /* Sources */,
				2C2702EA1AE8206D006457D1 /* Frameworks */,
				2C2702EB1AE8206D006457D1 /* Resources */,
			);
			buildRules = (
			);
			dependencies = (
			);
			name = FreeHandDrawing;
			productName = FreeHandDrawing;
			productReference = 2C2702ED1AE8206D006457D1 /* FreeHandDrawing.app */;
			productType = "com.apple.product-type.application";
		};
		2C2703011AE8206D006457D1 /* FreeHandDrawingTests */ = {
			isa = PBXNativeTarget;
			buildConfigurationList = 2C27030F1AE8206D006457D1 /* Build configuration list for PBXNativeTarget "FreeHandDrawingTests" */;
			buildPhases = (
				2C2702FE1AE8206D006457D1 /* Sources */,
				2C2702FF1AE8206D006457D1 /* Frameworks */,
				2C2703001AE8206D006457D1 /* Resources */,
			);
			buildRules = (
			);
			dependencies = (
				2C2703041AE8206D006457D1 /* PBXTargetDependency */,
			);
			name = FreeHandDrawingTests;
			productName = FreeHandDrawingTests;
			productReference = 2C2703021AE8206D006457D1 /* FreeHandDrawingTests.xctest */;
			productType = "com.apple.product-type.bundle.unit-test";
		};
/* End PBXNativeTarget section */

/* Begin PBXProject section */
		2C2702E51AE8206D006457D1 /* Project object */ = {
			isa = PBXProject;
			attributes = {
				LastUpgradeCheck = 0620;
				ORGANIZATIONNAME = "Pawar, Santosh";
				TargetAttributes = {
					2C2702EC1AE8206D006457D1 = {
						CreatedOnToolsVersion = 6.2;
						DevelopmentTeam = METF7ZXEP6;
					};
					2C2703011AE8206D006457D1 = {
						CreatedOnToolsVersion = 6.2;
						TestTargetID = 2C2702EC1AE8206D006457D1;
					};
				};
			};
			buildConfigurationList = 2C2702E81AE8206D006457D1 /* Build configuration list for PBXProject "FreeHandDrawing" */;
			compatibilityVersion = "Xcode 3.2";
			developmentRegion = English;
			hasScannedForEncodings = 0;
			knownRegions = (
				en,
				Base,
			);
			mainGroup = 2C2702E41AE8206D006457D1;
			productRefGroup = 2C2702EE1AE8206D006457D1 /* Products */;
			projectDirPath = "";
			projectRoot = "";
			targets = (
				2C2702EC1AE8206D006457D1 /* FreeHandDrawing */,
				2C2703011AE8206D006457D1 /* FreeHandDrawingTests */,
			);
		};
/* End PBXProject section */

/* Begin PBXResourcesBuildPhase section */
		2C2702EB1AE8206D006457D1 /* Resources */ = {
			isa = PBXResourcesBuildPhase;
			buildActionMask = 2147483647;
			files = (
				2C2702F81AE8206D006457D1 /* Main.storyboard in Resources */,
				2C2702FD1AE8206D006457D1 /* LaunchScreen.xib in Resources */,
				2C2702FA1AE8206D006457D1 /* Images.xcassets in Resources */,
			);
			runOnlyForDeploymentPostprocessing = 0;
		};
		2C2703001AE8206D006457D1 /* Resources */ = {
			isa = PBXResourcesBuildPhase;
			buildActionMask = 2147483647;
			files = (
			);
			runOnlyForDeploymentPostprocessing = 0;
		};
/* End PBXResourcesBuildPhase section */

/* Begin PBXSourcesBuildPhase section */
		2C2702E91AE8206D006457D1 /* Sources */ = {
			isa = PBXSourcesBuildPhase;
			buildActionMask = 2147483647;
			files = (
				2C2702F51AE8206D006457D1 /* ViewController.swift in Sources */,
				2C2F23F21AEAA746009C8AFB /* CachedLIView.swift in Sources */,
				2C2F23FC1AEC8777009C8AFB /* PopOverTableVC.swift in Sources */,
				2C2F23F61AEAC43F009C8AFB /* SmoothedBIView.swift in Sources */,
				2C2703131AE82122006457D1 /* LinearInterpView.swift in Sources */,
				2C2F23F41AEAABA6009C8AFB /* BezierInterpView.swift in Sources */,
				2C2702F31AE8206D006457D1 /* AppDelegate.swift in Sources */,
			);
			runOnlyForDeploymentPostprocessing = 0;
		};
		2C2702FE1AE8206D006457D1 /* Sources */ = {
			isa = PBXSourcesBuildPhase;
			buildActionMask = 2147483647;
			files = (
				2C2703091AE8206D006457D1 /* FreeHandDrawingTests.swift in Sources */,
			);
			runOnlyForDeploymentPostprocessing = 0;
		};
/* End PBXSourcesBuildPhase section */

/* Begin PBXTargetDependency section */
		2C2703041AE8206D006457D1 /* PBXTargetDependency */ = {
			isa = PBXTargetDependency;
			target = 2C2702EC1AE8206D006457D1 /* FreeHandDrawing */;
			targetProxy = 2C2703031AE8206D006457D1 /* PBXContainerItemProxy */;
		};
/* End PBXTargetDependency section */

/* Begin PBXVariantGroup section */
		2C2702F61AE8206D006457D1 /* Main.storyboard */ = {
			isa = PBXVariantGroup;
			children = (
				2C2702F71AE8206D006457D1 /* Base */,
			);
			name = Main.storyboard;
			sourceTree = "<group>";
		};
		2C2702FB1AE8206D006457D1 /* LaunchScreen.xib */ = {
			isa = PBXVariantGroup;
			children = (
				2C2702FC1AE8206D006457D1 /* Base */,
			);
			name = LaunchScreen.xib;
			sourceTree = "<group>";
		};
/* End PBXVariantGroup section */

/* Begin XCBuildConfiguration section */
		2C27030A1AE8206D006457D1 /* Debug */ = {
			isa = XCBuildConfiguration;
			buildSettings = {
				ALWAYS_SEARCH_USER_PATHS = NO;
				CLANG_CXX_LANGUAGE_STANDARD = "gnu++0x";
				CLANG_CXX_LIBRARY = "libc++";
				CLANG_ENABLE_MODULES = YES;
				CLANG_ENABLE_OBJC_ARC = YES;
				CLANG_WARN_BOOL_CONVERSION = YES;
				CLANG_WARN_CONSTANT_CONVERSION = YES;
				CLANG_WARN_DIRECT_OBJC_ISA_USAGE = YES_ERROR;
				CLANG_WARN_EMPTY_BODY = YES;
				CLANG_WARN_ENUM_CONVERSION = YES;
				CLANG_WARN_INT_CONVERSION = YES;
				CLANG_WARN_OBJC_ROOT_CLASS = YES_ERROR;
				CLANG_WARN_UNREACHABLE_CODE = YES;
				CLANG_WARN__DUPLICATE_METHOD_MATCH = YES;
				"CODE_SIGN_IDENTITY[sdk=iphoneos*]" = "iPhone Developer";
				COPY_PHASE_STRIP = NO;
				ENABLE_STRICT_OBJC_MSGSEND = YES;
				GCC_C_LANGUAGE_STANDARD = gnu99;
				GCC_DYNAMIC_NO_PIC = NO;
				GCC_OPTIMIZATION_LEVEL = 0;
				GCC_PREPROCESSOR_DEFINITIONS = (
					"DEBUG=1",
					"$(inherited)",
				);
				GCC_SYMBOLS_PRIVATE_EXTERN = NO;
				GCC_WARN_64_TO_32_BIT_CONVERSION = YES;
				GCC_WARN_ABOUT_RETURN_TYPE = YES_ERROR;
				GCC_WARN_UNDECLARED_SELECTOR = YES;
				GCC_WARN_UNINITIALIZED_AUTOS = YES_AGGRESSIVE;
				GCC_WARN_UNUSED_FUNCTION = YES;
				GCC_WARN_UNUSED_VARIABLE = YES;
				IPHONEOS_DEPLOYMENT_TARGET = 8.1;
				MTL_ENABLE_DEBUG_INFO = YES;
				ONLY_ACTIVE_ARCH = YES;
				SDKROOT = iphoneos;
				SWIFT_OPTIMIZATION_LEVEL = "-Onone";
			};
			name = Debug;
		};
		2C27030B1AE8206D006457D1 /* Release */ = {
			isa = XCBuildConfiguration;
			buildSettings = {
				ALWAYS_SEARCH_USER_PATHS = NO;
				CLANG_CXX_LANGUAGE_STANDARD = "gnu++0x";
				CLANG_CXX_LIBRARY = "libc++";
				CLANG_ENABLE_MODULES = YES;
				CLANG_ENABLE_OBJC_ARC = YES;
				CLANG_WARN_BOOL_CONVERSION = YES;
				CLANG_WARN_CONSTANT_CONVERSION = YES;
				CLANG_WARN_DIRECT_OBJC_ISA_USAGE = YES_ERROR;
				CLANG_WARN_EMPTY_BODY = YES;
				CLANG_WARN_ENUM_CONVERSION = YES;
				CLANG_WARN_INT_CONVERSION = YES;
				CLANG_WARN_OBJC_ROOT_CLASS = YES_ERROR;
				CLANG_WARN_UNREACHABLE_CODE = YES;
				CLANG_WARN__DUPLICATE_METHOD_MATCH = YES;
				"CODE_SIGN_IDENTITY[sdk=iphoneos*]" = "iPhone Developer";
				COPY_PHASE_STRIP = NO;
				ENABLE_NS_ASSERTIONS = NO;
				ENABLE_STRICT_OBJC_MSGSEND = YES;
				GCC_C_LANGUAGE_STANDARD = gnu99;
				GCC_WARN_64_TO_32_BIT_CONVERSION = YES;
				GCC_WARN_ABOUT_RETURN_TYPE = YES_ERROR;
				GCC_WARN_UNDECLARED_SELECTOR = YES;
				GCC_WARN_UNINITIALIZED_AUTOS = YES_AGGRESSIVE;
				GCC_WARN_UNUSED_FUNCTION = YES;
				GCC_WARN_UNUSED_VARIABLE = YES;
				IPHONEOS_DEPLOYMENT_TARGET = 8.1;
				MTL_ENABLE_DEBUG_INFO = NO;
				SDKROOT = iphoneos;
				VALIDATE_PRODUCT = YES;
			};
			name = Release;
		};
		2C27030D1AE8206D006457D1 /* Debug */ = {
			isa = XCBuildConfiguration;
			buildSettings = {
				ASSETCATALOG_COMPILER_APPICON_NAME = AppIcon;
				INFOPLIST_FILE = FreeHandDrawing/Info.plist;
				IPHONEOS_DEPLOYMENT_TARGET = 8.1;
				LD_RUNPATH_SEARCH_PATHS = "$(inherited) @executable_path/Frameworks";
				PRODUCT_NAME = "$(TARGET_NAME)";
			};
			name = Debug;
		};
		2C27030E1AE8206D006457D1 /* Release */ = {
			isa = XCBuildConfiguration;
			buildSettings = {
				ASSETCATALOG_COMPILER_APPICON_NAME = AppIcon;
				INFOPLIST_FILE = FreeHandDrawing/Info.plist;
				IPHONEOS_DEPLOYMENT_TARGET = 8.1;
				LD_RUNPATH_SEARCH_PATHS = "$(inherited) @executable_path/Frameworks";
				PRODUCT_NAME = "$(TARGET_NAME)";
			};
			name = Release;
		};
		2C2703101AE8206D006457D1 /* Debug */ = {
			isa = XCBuildConfiguration;
			buildSettings = {
				BUNDLE_LOADER = "$(TEST_HOST)";
				FRAMEWORK_SEARCH_PATHS = (
					"$(SDKROOT)/Developer/Library/Frameworks",
					"$(inherited)",
				);
				GCC_PREPROCESSOR_DEFINITIONS = (
					"DEBUG=1",
					"$(inherited)",
				);
				INFOPLIST_FILE = FreeHandDrawingTests/Info.plist;
				LD_RUNPATH_SEARCH_PATHS = "$(inherited) @executable_path/Frameworks @loader_path/Frameworks";
				PRODUCT_NAME = "$(TARGET_NAME)";
				TEST_HOST = "$(BUILT_PRODUCTS_DIR)/FreeHandDrawing.app/FreeHandDrawing";
			};
			name = Debug;
		};
		2C2703111AE8206D006457D1 /* Release */ = {
			isa = XCBuildConfiguration;
			buildSettings = {
				BUNDLE_LOADER = "$(TEST_HOST)";
				FRAMEWORK_SEARCH_PATHS = (
					"$(SDKROOT)/Developer/Library/Frameworks",
					"$(inherited)",
				);
				INFOPLIST_FILE = FreeHandDrawingTests/Info.plist;
				LD_RUNPATH_SEARCH_PATHS = "$(inherited) @executable_path/Frameworks @loader_path/Frameworks";
				PRODUCT_NAME = "$(TARGET_NAME)";
				TEST_HOST = "$(BUILT_PRODUCTS_DIR)/FreeHandDrawing.app/FreeHandDrawing";
			};
			name = Release;
		};
/* End XCBuildConfiguration section */

/* Begin XCConfigurationList section */
		2C2702E81AE8206D006457D1 /* Build configuration list for PBXProject "FreeHandDrawing" */ = {
			isa = XCConfigurationList;
			buildConfigurations = (
				2C27030A1AE8206D006457D1 /* Debug */,
				2C27030B1AE8206D006457D1 /* Release */,
			);
			defaultConfigurationIsVisible = 0;
			defaultConfigurationName = Release;
		};
		2C27030C1AE8206D006457D1 /* Build configuration list for PBXNativeTarget "FreeHandDrawing" */ = {
			isa = XCConfigurationList;
			buildConfigurations = (
				2C27030D1AE8206D006457D1 /* Debug */,
				2C27030E1AE8206D006457D1 /* Release */,
			);
			defaultConfigurationIsVisible = 0;
			defaultConfigurationName = Release;
		};
		2C27030F1AE8206D006457D1 /* Build configuration list for PBXNativeTarget "FreeHandDrawingTests" */ = {
			isa = XCConfigurationList;
			buildConfigurations = (
				2C2703101AE8206D006457D1 /* Debug */,
				2C2703111AE8206D006457D1 /* Release */,
			);
			defaultConfigurationIsVisible = 0;
			defaultConfigurationName = Release;
		};
/* End XCConfigurationList section */
	};
	rootObject = 2C2702E51AE8206D006457D1 /* Project object */;
}
